
Microsoft Visual Studio Solution File, Format Version 12.00
# Visual Studio Version 17
VisualStudioVersion = 17.11.35017.193
MinimumVisualStudioVersion = 10.0.40219.1
Project("{8BC9CEB8-8B4A-11D0-8D11-00A0C91BC942}") = "CIS 1202 Week 9", "CIS 1202 Week 9\CIS 1202 Week 9.vcxproj", "{BBC8BB06-804D-4944-8F02-C991232CD83D}"
EndProject
Global
	GlobalSection(SolutionConfigurationPlatforms) = preSolution
		Debug|x64 = Debug|x64
		Debug|x86 = Debug|x86
		Release|x64 = Release|x64
		Release|x86 = Release|x86
	EndGlobalSection
	GlobalSection(ProjectConfigurationPlatforms) = postSolution
		{BBC8BB06-804D-4944-8F02-C991232CD83D}.Debug|x64.ActiveCfg = Debug|x64
		{BBC8BB06-804D-4944-8F02-C991232CD83D}.Debug|x64.Build.0 = Debug|x64
		{BBC8BB06-804D-4944-8F02-C991232CD83D}.Debug|x86.ActiveCfg = Debug|Win32
		{BBC8BB06-804D-4944-8F02-C991232CD83D}.Debug|x86.Build.0 = Debug|Win32
		{BBC8BB06-804D-4944-8F02-C991232CD83D}.Release|x64.ActiveCfg = Release|x64
		{BBC8BB06-804D-4944-8F02-C991232CD83D}.Release|x64.Build.0 = Release|x64
		{BBC8BB06-804D-4944-8F02-C991232CD83D}.Release|x86.ActiveCfg = Release|Win32
		{BBC8BB06-804D-4944-8F02-C991232CD83D}.Release|x86.Build.0 = Release|Win32
	EndGlobalSection
	GlobalSection(SolutionProperties) = preSolution
		HideSolutionNode = FALSE
	EndGlobalSection
	GlobalSection(ExtensibilityGlobals) = postSolution
		SolutionGuid = {E81CE1C3-4432-444F-B139-9892F15E1181}
	EndGlobalSection
EndGlobal
